
Microsoft Visual Studio Solution File, Format Version 12.00
# Visual Studio Version 17
VisualStudioVersion = 17.0.31912.275
MinimumVisualStudioVersion = 10.0.40219.1
Project("{8BC9CEB8-8B4A-11D0-8D11-00A0C91BC942}") = "vs2022", "vs2022.vcxproj", "{34E169B3-2DD3-4FD8-9610-D406B1158744}"
EndProject
Project("{8BC9CEB8-8B4A-11D0-8D11-00A0C91BC942}") = "Dev", "Dev\Dev.vcxproj", "{A220527C-5B3D-4DA9-A338-998852A6EAB4}"
EndProject
Project("{8BC9CEB8-8B4A-11D0-8D11-00A0C91BC942}") = "platform", "platform\Project1.vcxproj", "{963447F2-5107-4495-AEF9-4B3AD1C8BB9B}"
EndProject
Project("{8BC9CEB8-8B4A-11D0-8D11-00A0C91BC942}") = "game", "game\game.vcxproj", "{86C3810C-4B3C-4A90-BB57-EF80893C468D}"
EndProject
Project("{8BC9CEB8-8B4A-11D0-8D11-00A0C91BC942}") = "tests", "tests\tests.vcxproj", "{0E1C2E41-EBCD-4C49-A589-9F92FCB94B5E}"
EndProject
Global
	GlobalSection(SolutionConfigurationPlatforms) = preSolution
		Debug|x64 = Debug|x64
		Debug|x86 = Debug|x86
		Release|x64 = Release|x64
		Release|x86 = Release|x86
	EndGlobalSection
	GlobalSection(ProjectConfigurationPlatforms) = postSolution
		{34E169B3-2DD3-4FD8-9610-D406B1158744}.Debug|x64.ActiveCfg = Debug|x64
		{34E169B3-2DD3-4FD8-9610-D406B1158744}.Debug|x64.Build.0 = Debug|x64
		{34E169B3-2DD3-4FD8-9610-D406B1158744}.Debug|x86.ActiveCfg = Debug|Win32
		{34E169B3-2DD3-4FD8-9610-D406B1158744}.Debug|x86.Build.0 = Debug|Win32
		{34E169B3-2DD3-4FD8-9610-D406B1158744}.Release|x64.ActiveCfg = Release|x64
		{34E169B3-2DD3-4FD8-9610-D406B1158744}.Release|x64.Build.0 = Release|x64
		{34E169B3-2DD3-4FD8-9610-D406B1158744}.Release|x86.ActiveCfg = Release|Win32
		{34E169B3-2DD3-4FD8-9610-D406B1158744}.Release|x86.Build.0 = Release|Win32
		{A220527C-5B3D-4DA9-A338-998852A6EAB4}.Debug|x64.ActiveCfg = Debug|x64
		{A220527C-5B3D-4DA9-A338-998852A6EAB4}.Debug|x64.Build.0 = Debug|x64
		{A220527C-5B3D-4DA9-A338-998852A6EAB4}.Debug|x86.ActiveCfg = Debug|Win32
		{A220527C-5B3D-4DA9-A338-998852A6EAB4}.Debug|x86.Build.0 = Debug|Win32
		{A220527C-5B3D-4DA9-A338-998852A6EAB4}.Release|x64.ActiveCfg = Release|x64
		{A220527C-5B3D-4DA9-A338-998852A6EAB4}.Release|x64.Build.0 = Release|x64
		{A220527C-5B3D-4DA9-A338-998852A6EAB4}.Release|x86.ActiveCfg = Release|Win32
		{A220527C-5B3D-4DA9-A338-998852A6EAB4}.Release|x86.Build.0 = Release|Win32
		{963447F2-5107-4495-AEF9-4B3AD1C8BB9B}.Debug|x64.ActiveCfg = Debug|x64
		{963447F2-5107-4495-AEF9-4B3AD1C8BB9B}.Debug|x64.Build.0 = Debug|x64
		{963447F2-5107-4495-AEF9-4B3AD1C8BB9B}.Debug|x86.ActiveCfg = Debug|Win32
		{963447F2-5107-4495-AEF9-4B3AD1C8BB9B}.Debug|x86.Build.0 = Debug|Win32
		{963447F2-5107-4495-AEF9-4B3AD1C8BB9B}.Release|x64.ActiveCfg = Release|x64
		{963447F2-5107-4495-AEF9-4B3AD1C8BB9B}.Release|x64.Build.0 = Release|x64
		{963447F2-5107-4495-AEF9-4B3AD1C8BB9B}.Release|x86.ActiveCfg = Release|Win32
		{963447F2-5107-4495-AEF9-4B3AD1C8BB9B}.Release|x86.Build.0 = Release|Win32
		{86C3810C-4B3C-4A90-BB57-EF80893C468D}.Debug|x64.ActiveCfg = Debug|x64
		{86C3810C-4B3C-4A90-BB57-EF80893C468D}.Debug|x64.Build.0 = Debug|x64
		{86C3810C-4B3C-4A90-BB57-EF80893C468D}.Debug|x86.ActiveCfg = Debug|Win32
		{86C3810C-4B3C-4A90-BB57-EF80893C468D}.Debug|x86.Build.0 = Debug|Win32
		{86C3810C-4B3C-4A90-BB57-EF80893C468D}.Release|x64.ActiveCfg = Release|x64
		{86C3810C-4B3C-4A90-BB57-EF80893C468D}.Release|x64.Build.0 = Release|x64
		{86C3810C-4B3C-4A90-BB57-EF80893C468D}.Release|x86.ActiveCfg = Release|Win32
		{86C3810C-4B3C-4A90-BB57-EF80893C468D}.Release|x86.Build.0 = Release|Win32
		{0E1C2E41-EBCD-4C49-A589-9F92FCB94B5E}.Debug|x64.ActiveCfg = Debug|x64
		{0E1C2E41-EBCD-4C49-A589-9F92FCB94B5E}.Debug|x64.Build.0 = Debug|x64
		{0E1C2E41-EBCD-4C49-A589-9F92FCB94B5E}.Debug|x86.ActiveCfg = Debug|Win32
		{0E1C2E41-EBCD-4C49-A589-9F92FCB94B5E}.Debug|x86.Build.0 = Debug|Win32
		{0E1C2E41-EBCD-4C49-A589-9F92FCB94B5E}.Release|x64.ActiveCfg = Release|x64
		{0E1C2E41-EBCD-4C49-A589-9F92FCB94B5E}.Release|x64.Build.0 = Release|x64
		{0E1C2E41-EBCD-4C49-A589-9F92FCB94B5E}.Release|x86.ActiveCfg = Release|Win32
		{0E1C2E41-EBCD-4C49-A589-9F92FCB94B5E}.Release|x86.Build.0 = Release|Win32
	EndGlobalSection
	GlobalSection(SolutionProperties) = preSolution
		HideSolutionNode = FALSE
	EndGlobalSection
	GlobalSection(ExtensibilityGlobals) = postSolution
		SolutionGuid = {C6FA6751-CA37-413C-9607-B19A42FECB5C}
	EndGlobalSection
EndGlobal
