<?xml version="1.0" encoding="utf-8"?>
<Project ToolsVersion="4.0" xmlns="http://schemas.microsoft.com/developer/msbuild/2003">
  <ItemGroup>
    <Filter Include="Header Files">
      <UniqueIdentifier>{93995380-89BD-4b04-88EB-625FBE52EBFB}</UniqueIdentifier>
      <Extensions>h;hh;hpp;hxx;h++;hm;inl;inc;ipp;xsd</Extensions>
    </Filter>
  </ItemGroup>
  <ItemGroup>
    <ClInclude Include="src\thirdparty\stb\stb_image.h">
      <Filter>Header Files</Filter>
    </ClInclude>
    <ClInclude Include="src\thirdparty\glad\glad.h">
      <Filter>Header Files</Filter>
    </ClInclude>
    <ClInclude Include="src\thirdparty\glad\khrplatform.h">
      <Filter>Header Files</Filter>
    </ClInclude>
    <ClInclude Include="src\assets.hpp">
      <Filter>Header Files</Filter>
    </ClInclude>
    <ClInclude Include="src\game\game.hpp">
      <Filter>Header Files</Filter>
    </ClInclude>
    <ClInclude Include="src\ui.hpp">
      <Filter>Header Files</Filter>
    </ClInclude>
    <ClInclude Include="src\core\allocator.hpp">
      <Filter>Header Files</Filter>
    </ClInclude>
    <ClInclude Include="src\core\buffer.hpp">
      <Filter>Header Files</Filter>
    </ClInclude>
    <ClInclude Include="src\core\core.hpp">
      <Filter>Header Files</Filter>
    </ClInclude>
    <ClInclude Include="src\core\math.hpp">
      <Filter>Header Files</Filter>
    </ClInclude>
    <ClInclude Include="src\opengl\opengl.hpp">
      <Filter>Header Files</Filter>
    </ClInclude>
    <ClInclude Include="src\platform\platform.hpp">
      <Filter>Header Files</Filter>
    </ClInclude>
    <ClInclude Include="src\platform\render_device.hpp">
      <Filter>Header Files</Filter>
    </ClInclude>
    <ClInclude Include="src\platform\sound.hpp">
      <Filter>Header Files</Filter>
    </ClInclude>
    <ClInclude Include="src\platform\window.hpp">
      <Filter>Header Files</Filter>
    </ClInclude>
    <ClInclude Include="src\renderers\renderer_base.hpp">
      <Filter>Header Files</Filter>
    </ClInclude>
    <ClInclude Include="src\renderers\renderers.hpp">
      <Filter>Header Files</Filter>
    </ClInclude>
    <ClInclude Include="src\renderers\sprite_renderer.hpp">
      <Filter>Header Files</Filter>
    </ClInclude>
    <ClInclude Include="src\renderers\ui_renderer.hpp">
      <Filter>Header Files</Filter>
    </ClInclude>
    <ClInclude Include="src\win32\wgl.hpp">
      <Filter>Header Files</Filter>
    </ClInclude>
    <ClInclude Include="src\win32\win32_sound.hpp">
      <Filter>Header Files</Filter>
    </ClInclude>
    <ClInclude Include="src\win32\win32_window.hpp">
      <Filter>Header Files</Filter>
    </ClInclude>
    <ClInclude Include="src\core\vector.hpp">
      <Filter>Header Files</Filter>
    </ClInclude>
    <ClInclude Include="src\core\matrix.hpp">
      <Filter>Header Files</Filter>
    </ClInclude>
    <ClInclude Include="src\core\projection.hpp">
      <Filter>Header Files</Filter>
    </ClInclude>
    <ClInclude Include="src\core\mathfn.hpp">
      <Filter>Header Files</Filter>
    </ClInclude>
    <ClInclude Include="src\game\gamestate.hpp">
      <Filter>Header Files</Filter>
    </ClInclude>
    <ClInclude Include="src\game\traveling_merchant.hpp">
      <Filter>Header Files</Filter>
    </ClInclude>
    <ClInclude Include="src\game\entity.hpp">
      <Filter>Header Files</Filter>
    </ClInclude>
    <ClInclude Include="src\engine\engine.hpp">
      <Filter>Header Files</Filter>
    </ClInclude>
    <ClInclude Include="src\engine\engine_state.hpp">
      <Filter>Header Files</Filter>
    </ClInclude>
    <ClInclude Include="src\engine\engine_game.hpp">
      <Filter>Header Files</Filter>
    </ClInclude>
    <ClInclude Include="src\core\list.hpp">
      <Filter>Header Files</Filter>
    </ClInclude>
    <ClInclude Include="src\game\player.hpp">
      <Filter>Header Files</Filter>
    </ClInclude>
    <ClInclude Include="src\game\extensions\extensions.hpp">
      <Filter>Header Files</Filter>
    </ClInclude>
    <ClInclude Include="src\game\extensions\gamestate_extensions.hpp">
      <Filter>Header Files</Filter>
    </ClInclude>
    <ClInclude Include="src\game\extensions\renderstate_extensions.hpp">
      <Filter>Header Files</Filter>
    </ClInclude>
    <ClInclude Include="src\game\models\enginestate.hpp">
      <Filter>Header Files</Filter>
    </ClInclude>
    <ClInclude Include="src\game\models\gamestate.hpp">
      <Filter>Header Files</Filter>
    </ClInclude>
    <ClInclude Include="src\game\models\renderstate.hpp">
      <Filter>Header Files</Filter>
    </ClInclude>
    <ClInclude Include="src\platform\core\defs.hpp">
      <Filter>Header Files</Filter>
    </ClInclude>
    <ClInclude Include="src\platform\core\math.hpp">
      <Filter>Header Files</Filter>
    </ClInclude>
    <ClInclude Include="src\platform\dependencies\wgl.hpp">
      <Filter>Header Files</Filter>
    </ClInclude>
    <ClInclude Include="src\platform\extensions\filesystem_extensions.hpp">
      <Filter>Header Files</Filter>
    </ClInclude>
    <ClInclude Include="src\platform\extensions\matrix_extensions.hpp">
      <Filter>Header Files</Filter>
    </ClInclude>
    <ClInclude Include="src\platform\extensions\platform_extensions.hpp">
      <Filter>Header Files</Filter>
    </ClInclude>
    <ClInclude Include="src\platform\extensions\renderer_extensions.hpp">
      <Filter>Header Files</Filter>
    </ClInclude>
    <ClInclude Include="src\platform\extensions\vector_extensions.hpp">
      <Filter>Header Files</Filter>
    </ClInclude>
    <ClInclude Include="src\platform\models\image.hpp">
      <Filter>Header Files</Filter>
    </ClInclude>
    <ClInclude Include="src\platform\models\matrix.hpp">
      <Filter>Header Files</Filter>
    </ClInclude>
    <ClInclude Include="src\platform\models\point.hpp">
      <Filter>Header Files</Filter>
    </ClInclude>
    <ClInclude Include="src\platform\models\vector.hpp">
      <Filter>Header Files</Filter>
    </ClInclude>
    <ClInclude Include="src\platform\models\viewport.hpp">
      <Filter>Header Files</Filter>
    </ClInclude>
    <ClInclude Include="src\platform\models\window_event.hpp">
      <Filter>Header Files</Filter>
    </ClInclude>
    <ClInclude Include="src\platform\services\impl\opengl_renderer.hpp">
      <Filter>Header Files</Filter>
    </ClInclude>
    <ClInclude Include="src\platform\services\impl\win32_platform.hpp">
      <Filter>Header Files</Filter>
    </ClInclude>
    <ClInclude Include="src\platform\services\impl\win32_window.hpp">
      <Filter>Header Files</Filter>
    </ClInclude>
    <ClInclude Include="src\platform\services\filesystem.hpp">
      <Filter>Header Files</Filter>
    </ClInclude>
    <ClInclude Include="src\platform\services\platform.hpp">
      <Filter>Header Files</Filter>
    </ClInclude>
    <ClInclude Include="src\platform\services\renderer.hpp">
      <Filter>Header Files</Filter>
    </ClInclude>
    <ClInclude Include="src\platform\services\window.hpp">
      <Filter>Header Files</Filter>
    </ClInclude>
    <ClInclude Include="src\platform\services\impl\win32_filesystem.hpp">
      <Filter>Header Files</Filter>
    </ClInclude>
    <ClInclude Include="platform\core\defs.hpp">
      <Filter>Header Files</Filter>
    </ClInclude>
    <ClInclude Include="platform\core\math.hpp">
      <Filter>Header Files</Filter>
    </ClInclude>
    <ClInclude Include="platform\dependencies\wgl.hpp">
      <Filter>Header Files</Filter>
    </ClInclude>
    <ClInclude Include="platform\extensions\filesystem_extensions.hpp">
      <Filter>Header Files</Filter>
    </ClInclude>
    <ClInclude Include="platform\extensions\matrix_extensions.hpp">
      <Filter>Header Files</Filter>
    </ClInclude>
    <ClInclude Include="platform\extensions\platform_extensions.hpp">
      <Filter>Header Files</Filter>
    </ClInclude>
    <ClInclude Include="platform\extensions\renderer_extensions.hpp">
      <Filter>Header Files</Filter>
    </ClInclude>
    <ClInclude Include="platform\extensions\vector_extensions.hpp">
      <Filter>Header Files</Filter>
    </ClInclude>
    <ClInclude Include="platform\models\image.hpp">
      <Filter>Header Files</Filter>
    </ClInclude>
    <ClInclude Include="platform\models\matrix.hpp">
      <Filter>Header Files</Filter>
    </ClInclude>
    <ClInclude Include="platform\models\point.hpp">
      <Filter>Header Files</Filter>
    </ClInclude>
    <ClInclude Include="platform\models\vector.hpp">
      <Filter>Header Files</Filter>
    </ClInclude>
    <ClInclude Include="platform\models\viewport.hpp">
      <Filter>Header Files</Filter>
    </ClInclude>
    <ClInclude Include="platform\models\window_event.hpp">
      <Filter>Header Files</Filter>
    </ClInclude>
    <ClInclude Include="platform\services\impl\opengl_renderer.hpp">
      <Filter>Header Files</Filter>
    </ClInclude>
    <ClInclude Include="platform\services\impl\win32_filesystem.hpp">
      <Filter>Header Files</Filter>
    </ClInclude>
    <ClInclude Include="platform\services\impl\win32_platform.hpp">
      <Filter>Header Files</Filter>
    </ClInclude>
    <ClInclude Include="platform\services\impl\win32_window.hpp">
      <Filter>Header Files</Filter>
    </ClInclude>
    <ClInclude Include="platform\services\filesystem.hpp">
      <Filter>Header Files</Filter>
    </ClInclude>
    <ClInclude Include="platform\services\platform.hpp">
      <Filter>Header Files</Filter>
    </ClInclude>
    <ClInclude Include="platform\services\renderer.hpp">
      <Filter>Header Files</Filter>
    </ClInclude>
    <ClInclude Include="platform\services\window.hpp">
      <Filter>Header Files</Filter>
    </ClInclude>
  </ItemGroup>
  <ItemGroup>
    <ClCompile Include="src\game\game.cpp" />
    <ClCompile Include="src\platform\dependencies\wgl.cpp" />
    <ClCompile Include="src\platform\extensions\filesystem_extensions.cpp" />
    <ClCompile Include="src\platform\services\impl\opengl_renderer.cpp" />
    <ClCompile Include="src\platform\services\impl\win32_platform.cpp" />
    <ClCompile Include="src\platform\services\impl\win32_window.cpp" />
    <ClCompile Include="src\thirdparty\glad\glad.c" />
    <ClCompile Include="src\main.cpp" />
    <ClCompile Include="src\platform\services\impl\win32_filesystem.cpp" />
    <ClCompile Include="platform\dependencies\wgl.cpp" />
    <ClCompile Include="platform\extensions\filesystem_extensions.cpp" />
    <ClCompile Include="platform\services\impl\opengl_renderer.cpp" />
    <ClCompile Include="platform\services\impl\win32_filesystem.cpp" />
    <ClCompile Include="platform\services\impl\win32_platform.cpp" />
    <ClCompile Include="platform\services\impl\win32_window.cpp" />
  </ItemGroup>
  <ItemGroup>
    <None Include="README.md" />
  </ItemGroup>
</Project>